// !$*UTF8*$!
{
	archiveVersion = 1;
	classes = {
	};
	objectVersion = 55;
	objects = {

/* Begin PBXBuildFile section */
		619F019628EDF5FA00DFFA43 /* RickListDTO.swift in Sources */ = {isa = PBXBuildFile; fileRef = 619F019528EDF5FA00DFFA43 /* RickListDTO.swift */; };
		619F019828EDF65400DFFA43 /* RickDTO.swift in Sources */ = {isa = PBXBuildFile; fileRef = 619F019728EDF65400DFFA43 /* RickDTO.swift */; };
		619F019C28EDFAC500DFFA43 /* RickListViewController.swift in Sources */ = {isa = PBXBuildFile; fileRef = 619F019B28EDFAC500DFFA43 /* RickListViewController.swift */; };
		619F019E28EE002C00DFFA43 /* RickListViewModel.swift in Sources */ = {isa = PBXBuildFile; fileRef = 619F019D28EE002C00DFFA43 /* RickListViewModel.swift */; };
		61AB021528E77C9800FD8545 /* AppDelegate.swift in Sources */ = {isa = PBXBuildFile; fileRef = 61AB021428E77C9800FD8545 /* AppDelegate.swift */; };
		61AB021728E77C9800FD8545 /* SceneDelegate.swift in Sources */ = {isa = PBXBuildFile; fileRef = 61AB021628E77C9800FD8545 /* SceneDelegate.swift */; };
		61AB021E28E77C9C00FD8545 /* Assets.xcassets in Resources */ = {isa = PBXBuildFile; fileRef = 61AB021D28E77C9C00FD8545 /* Assets.xcassets */; };
		61AB022128E77C9C00FD8545 /* LaunchScreen.storyboard in Resources */ = {isa = PBXBuildFile; fileRef = 61AB021F28E77C9C00FD8545 /* LaunchScreen.storyboard */; };
		61AB023B28E7924A00FD8545 /* ApiManager.swift in Sources */ = {isa = PBXBuildFile; fileRef = 61AB023A28E7924A00FD8545 /* ApiManager.swift */; };
		61AB023D28E7934A00FD8545 /* RickListService.swift in Sources */ = {isa = PBXBuildFile; fileRef = 61AB023C28E7934A00FD8545 /* RickListService.swift */; };
		D3150378ACB3106F96673AF9 /* Pods_RickAndMorty.framework in Frameworks */ = {isa = PBXBuildFile; fileRef = 26E4E696B9807202F006E72C /* Pods_RickAndMorty.framework */; };
/* End PBXBuildFile section */

/* Begin PBXFileReference section */
		26E4E696B9807202F006E72C /* Pods_RickAndMorty.framework */ = {isa = PBXFileReference; explicitFileType = wrapper.framework; includeInIndex = 0; path = Pods_RickAndMorty.framework; sourceTree = BUILT_PRODUCTS_DIR; };
		3CA8F561CC05F94A40B1A51B /* Pods-RickAndMorty.release.xcconfig */ = {isa = PBXFileReference; includeInIndex = 1; lastKnownFileType = text.xcconfig; name = "Pods-RickAndMorty.release.xcconfig"; path = "Target Support Files/Pods-RickAndMorty/Pods-RickAndMorty.release.xcconfig"; sourceTree = "<group>"; };
		619F019528EDF5FA00DFFA43 /* RickListDTO.swift */ = {isa = PBXFileReference; lastKnownFileType = sourcecode.swift; path = RickListDTO.swift; sourceTree = "<group>"; };
		619F019728EDF65400DFFA43 /* RickDTO.swift */ = {isa = PBXFileReference; lastKnownFileType = sourcecode.swift; path = RickDTO.swift; sourceTree = "<group>"; };
		619F019B28EDFAC500DFFA43 /* RickListViewController.swift */ = {isa = PBXFileReference; lastKnownFileType = sourcecode.swift; path = RickListViewController.swift; sourceTree = "<group>"; };
		619F019D28EE002C00DFFA43 /* RickListViewModel.swift */ = {isa = PBXFileReference; lastKnownFileType = sourcecode.swift; path = RickListViewModel.swift; sourceTree = "<group>"; };
		61AB021128E77C9800FD8545 /* RickAndMorty.app */ = {isa = PBXFileReference; explicitFileType = wrapper.application; includeInIndex = 0; path = RickAndMorty.app; sourceTree = BUILT_PRODUCTS_DIR; };
		61AB021428E77C9800FD8545 /* AppDelegate.swift */ = {isa = PBXFileReference; lastKnownFileType = sourcecode.swift; path = AppDelegate.swift; sourceTree = "<group>"; };
		61AB021628E77C9800FD8545 /* SceneDelegate.swift */ = {isa = PBXFileReference; lastKnownFileType = sourcecode.swift; path = SceneDelegate.swift; sourceTree = "<group>"; };
		61AB021D28E77C9C00FD8545 /* Assets.xcassets */ = {isa = PBXFileReference; lastKnownFileType = folder.assetcatalog; path = Assets.xcassets; sourceTree = "<group>"; };
		61AB022028E77C9C00FD8545 /* Base */ = {isa = PBXFileReference; lastKnownFileType = file.storyboard; name = Base; path = Base.lproj/LaunchScreen.storyboard; sourceTree = "<group>"; };
		61AB022228E77C9C00FD8545 /* Info.plist */ = {isa = PBXFileReference; lastKnownFileType = text.plist.xml; path = Info.plist; sourceTree = "<group>"; };
		61AB023A28E7924A00FD8545 /* ApiManager.swift */ = {isa = PBXFileReference; lastKnownFileType = sourcecode.swift; path = ApiManager.swift; sourceTree = "<group>"; };
		61AB023C28E7934A00FD8545 /* RickListService.swift */ = {isa = PBXFileReference; lastKnownFileType = sourcecode.swift; path = RickListService.swift; sourceTree = "<group>"; };
		C83A932E99FB2A22F81A05DC /* Pods-RickAndMorty.debug.xcconfig */ = {isa = PBXFileReference; includeInIndex = 1; lastKnownFileType = text.xcconfig; name = "Pods-RickAndMorty.debug.xcconfig"; path = "Target Support Files/Pods-RickAndMorty/Pods-RickAndMorty.debug.xcconfig"; sourceTree = "<group>"; };
/* End PBXFileReference section */

/* Begin PBXFrameworksBuildPhase section */
		61AB020E28E77C9800FD8545 /* Frameworks */ = {
			isa = PBXFrameworksBuildPhase;
			buildActionMask = 2147483647;
			files = (
				D3150378ACB3106F96673AF9 /* Pods_RickAndMorty.framework in Frameworks */,
			);
			runOnlyForDeploymentPostprocessing = 0;
		};
/* End PBXFrameworksBuildPhase section */

/* Begin PBXGroup section */
		23DF061AD09BED35F3023022 /* Frameworks */ = {
			isa = PBXGroup;
			children = (
				26E4E696B9807202F006E72C /* Pods_RickAndMorty.framework */,
			);
			name = Frameworks;
			sourceTree = "<group>";
		};
		61AB020828E77C9800FD8545 = {
			isa = PBXGroup;
			children = (
				61AB021328E77C9800FD8545 /* RickAndMorty */,
				61AB021228E77C9800FD8545 /* Products */,
				BEE3C74296A1BC3DE8650C2E /* Pods */,
				23DF061AD09BED35F3023022 /* Frameworks */,
			);
			sourceTree = "<group>";
		};
		61AB021228E77C9800FD8545 /* Products */ = {
			isa = PBXGroup;
			children = (
				61AB021128E77C9800FD8545 /* RickAndMorty.app */,
			);
			name = Products;
			sourceTree = "<group>";
		};
		61AB021328E77C9800FD8545 /* RickAndMorty */ = {
			isa = PBXGroup;
			children = (
				61AB022828E7892300FD8545 /* App */,
				61AB021428E77C9800FD8545 /* AppDelegate.swift */,
				61AB021628E77C9800FD8545 /* SceneDelegate.swift */,
				61AB021D28E77C9C00FD8545 /* Assets.xcassets */,
				61AB021F28E77C9C00FD8545 /* LaunchScreen.storyboard */,
				61AB022228E77C9C00FD8545 /* Info.plist */,
			);
			path = RickAndMorty;
			sourceTree = "<group>";
		};
		61AB022828E7892300FD8545 /* App */ = {
			isa = PBXGroup;
			children = (
				61AB022B28E7893400FD8545 /* Utils */,
				61AB022A28E7892E00FD8545 /* Shared */,
				61AB022928E7892700FD8545 /* Scenes */,
			);
			path = App;
			sourceTree = "<group>";
		};
		61AB022928E7892700FD8545 /* Scenes */ = {
			isa = PBXGroup;
			children = (
				61AB022D28E7894F00FD8545 /* RickDetails */,
				61AB022C28E7894200FD8545 /* RickList */,
			);
			path = Scenes;
			sourceTree = "<group>";
		};
		61AB022A28E7892E00FD8545 /* Shared */ = {
			isa = PBXGroup;
			children = (
				61AB023528E789C500FD8545 /* Networking */,
				61AB023428E789C100FD8545 /* Models */,
			);
			path = Shared;
			sourceTree = "<group>";
		};
		61AB022B28E7893400FD8545 /* Utils */ = {
			isa = PBXGroup;
			children = (
			);
			path = Utils;
			sourceTree = "<group>";
		};
		61AB022C28E7894200FD8545 /* RickList */ = {
			isa = PBXGroup;
			children = (
				61AB023028E7896700FD8545 /* RickListViewModel */,
				61AB022F28E7896200FD8545 /* RickListView */,
				61AB022E28E7895800FD8545 /* RickListService */,
			);
			path = RickList;
			sourceTree = "<group>";
		};
		61AB022D28E7894F00FD8545 /* RickDetails */ = {
			isa = PBXGroup;
			children = (
				61AB023328E789A900FD8545 /* RickDetailViewModel */,
				61AB023228E7899E00FD8545 /* RickDetailView */,
				61AB023128E7896D00FD8545 /* RickDetailService */,
			);
			path = RickDetails;
			sourceTree = "<group>";
		};
		61AB022E28E7895800FD8545 /* RickListService */ = {
			isa = PBXGroup;
			children = (
				61AB023C28E7934A00FD8545 /* RickListService.swift */,
			);
			path = RickListService;
			sourceTree = "<group>";
		};
		61AB022F28E7896200FD8545 /* RickListView */ = {
			isa = PBXGroup;
			children = (
				619F019B28EDFAC500DFFA43 /* RickListViewController.swift */,
			);
			path = RickListView;
			sourceTree = "<group>";
		};
		61AB023028E7896700FD8545 /* RickListViewModel */ = {
			isa = PBXGroup;
			children = (
				619F019D28EE002C00DFFA43 /* RickListViewModel.swift */,
			);
			path = RickListViewModel;
			sourceTree = "<group>";
		};
		61AB023128E7896D00FD8545 /* RickDetailService */ = {
			isa = PBXGroup;
			children = (
			);
			path = RickDetailService;
			sourceTree = "<group>";
		};
		61AB023228E7899E00FD8545 /* RickDetailView */ = {
			isa = PBXGroup;
			children = (
			);
			path = RickDetailView;
			sourceTree = "<group>";
		};
		61AB023328E789A900FD8545 /* RickDetailViewModel */ = {
			isa = PBXGroup;
			children = (
			);
			path = RickDetailViewModel;
			sourceTree = "<group>";
		};
		61AB023428E789C100FD8545 /* Models */ = {
			isa = PBXGroup;
			children = (
				619F019528EDF5FA00DFFA43 /* RickListDTO.swift */,
				619F019728EDF65400DFFA43 /* RickDTO.swift */,
			);
			path = Models;
			sourceTree = "<group>";
		};
		61AB023528E789C500FD8545 /* Networking */ = {
			isa = PBXGroup;
			children = (
				61AB023A28E7924A00FD8545 /* ApiManager.swift */,
			);
			path = Networking;
			sourceTree = "<group>";
		};
		BEE3C74296A1BC3DE8650C2E /* Pods */ = {
			isa = PBXGroup;
			children = (
				C83A932E99FB2A22F81A05DC /* Pods-RickAndMorty.debug.xcconfig */,
				3CA8F561CC05F94A40B1A51B /* Pods-RickAndMorty.release.xcconfig */,
			);
			path = Pods;
			sourceTree = "<group>";
		};
/* End PBXGroup section */

/* Begin PBXNativeTarget section */
		61AB021028E77C9800FD8545 /* RickAndMorty */ = {
			isa = PBXNativeTarget;
			buildConfigurationList = 61AB022528E77C9C00FD8545 /* Build configuration list for PBXNativeTarget "RickAndMorty" */;
			buildPhases = (
				433594D542F76BD39A267F23 /* [CP] Check Pods Manifest.lock */,
				61AB020D28E77C9800FD8545 /* Sources */,
				61AB020E28E77C9800FD8545 /* Frameworks */,
				61AB020F28E77C9800FD8545 /* Resources */,
				6D782608458043BE9B6FCEF4 /* [CP] Embed Pods Frameworks */,
			);
			buildRules = (
			);
			dependencies = (
			);
			name = RickAndMorty;
			productName = RickAndMorty;
			productReference = 61AB021128E77C9800FD8545 /* RickAndMorty.app */;
			productType = "com.apple.product-type.application";
		};
/* End PBXNativeTarget section */

/* Begin PBXProject section */
		61AB020928E77C9800FD8545 /* Project object */ = {
			isa = PBXProject;
			attributes = {
				BuildIndependentTargetsInParallel = 1;
				LastSwiftUpdateCheck = 1340;
				LastUpgradeCheck = 1340;
				TargetAttributes = {
					61AB021028E77C9800FD8545 = {
						CreatedOnToolsVersion = 13.4.1;
					};
				};
			};
			buildConfigurationList = 61AB020C28E77C9800FD8545 /* Build configuration list for PBXProject "RickAndMorty" */;
			compatibilityVersion = "Xcode 13.0";
			developmentRegion = en;
			hasScannedForEncodings = 0;
			knownRegions = (
				en,
				Base,
			);
			mainGroup = 61AB020828E77C9800FD8545;
			productRefGroup = 61AB021228E77C9800FD8545 /* Products */;
			projectDirPath = "";
			projectRoot = "";
			targets = (
				61AB021028E77C9800FD8545 /* RickAndMorty */,
			);
		};
/* End PBXProject section */

/* Begin PBXResourcesBuildPhase section */
		61AB020F28E77C9800FD8545 /* Resources */ = {
			isa = PBXResourcesBuildPhase;
			buildActionMask = 2147483647;
			files = (
				61AB022128E77C9C00FD8545 /* LaunchScreen.storyboard in Resources */,
				61AB021E28E77C9C00FD8545 /* Assets.xcassets in Resources */,
			);
			runOnlyForDeploymentPostprocessing = 0;
		};
/* End PBXResourcesBuildPhase section */

/* Begin PBXShellScriptBuildPhase section */
		433594D542F76BD39A267F23 /* [CP] Check Pods Manifest.lock */ = {
			isa = PBXShellScriptBuildPhase;
			buildActionMask = 2147483647;
			files = (
			);
			inputFileListPaths = (
			);
			inputPaths = (
				"${PODS_PODFILE_DIR_PATH}/Podfile.lock",
				"${PODS_ROOT}/Manifest.lock",
			);
			name = "[CP] Check Pods Manifest.lock";
			outputFileListPaths = (
			);
			outputPaths = (
				"$(DERIVED_FILE_DIR)/Pods-RickAndMorty-checkManifestLockResult.txt",
			);
			runOnlyForDeploymentPostprocessing = 0;
			shellPath = /bin/sh;
			shellScript = "diff \"${PODS_PODFILE_DIR_PATH}/Podfile.lock\" \"${PODS_ROOT}/Manifest.lock\" > /dev/null\nif [ $? != 0 ] ; then\n    # print error to STDERR\n    echo \"error: The sandbox is not in sync with the Podfile.lock. Run 'pod install' or update your CocoaPods installation.\" >&2\n    exit 1\nfi\n# This output is used by Xcode 'outputs' to avoid re-running this script phase.\necho \"SUCCESS\" > \"${SCRIPT_OUTPUT_FILE_0}\"\n";
			showEnvVarsInLog = 0;
		};
		6D782608458043BE9B6FCEF4 /* [CP] Embed Pods Frameworks */ = {
			isa = PBXShellScriptBuildPhase;
			buildActionMask = 2147483647;
			files = (
			);
			inputFileListPaths = (
				"${PODS_ROOT}/Target Support Files/Pods-RickAndMorty/Pods-RickAndMorty-frameworks-${CONFIGURATION}-input-files.xcfilelist",
			);
			name = "[CP] Embed Pods Frameworks";
			outputFileListPaths = (
				"${PODS_ROOT}/Target Support Files/Pods-RickAndMorty/Pods-RickAndMorty-frameworks-${CONFIGURATION}-output-files.xcfilelist",
			);
			runOnlyForDeploymentPostprocessing = 0;
			shellPath = /bin/sh;
			shellScript = "\"${PODS_ROOT}/Target Support Files/Pods-RickAndMorty/Pods-RickAndMorty-frameworks.sh\"\n";
			showEnvVarsInLog = 0;
		};
/* End PBXShellScriptBuildPhase section */

/* Begin PBXSourcesBuildPhase section */
		61AB020D28E77C9800FD8545 /* Sources */ = {
			isa = PBXSourcesBuildPhase;
			buildActionMask = 2147483647;
			files = (
				619F019828EDF65400DFFA43 /* RickDTO.swift in Sources */,
				619F019C28EDFAC500DFFA43 /* RickListViewController.swift in Sources */,
				61AB023D28E7934A00FD8545 /* RickListService.swift in Sources */,
				619F019E28EE002C00DFFA43 /* RickListViewModel.swift in Sources */,
				61AB021528E77C9800FD8545 /* AppDelegate.swift in Sources */,
				61AB023B28E7924A00FD8545 /* ApiManager.swift in Sources */,
				61AB021728E77C9800FD8545 /* SceneDelegate.swift in Sources */,
				619F019628EDF5FA00DFFA43 /* RickListDTO.swift in Sources */,
			);
			runOnlyForDeploymentPostprocessing = 0;
		};
/* End PBXSourcesBuildPhase section */

/* Begin PBXVariantGroup section */
		61AB021F28E77C9C00FD8545 /* LaunchScreen.storyboard */ = {
			isa = PBXVariantGroup;
			children = (
				61AB022028E77C9C00FD8545 /* Base */,
			);
			name = LaunchScreen.storyboard;
			sourceTree = "<group>";
		};
/* End PBXVariantGroup section */

/* Begin XCBuildConfiguration section */
		61AB022328E77C9C00FD8545 /* Debug */ = {
			isa = XCBuildConfiguration;
			buildSettings = {
				ALWAYS_SEARCH_USER_PATHS = NO;
				CLANG_ANALYZER_NONNULL = YES;
				CLANG_ANALYZER_NUMBER_OBJECT_CONVERSION = YES_AGGRESSIVE;
				CLANG_CXX_LANGUAGE_STANDARD = "gnu++17";
				CLANG_ENABLE_MODULES = YES;
				CLANG_ENABLE_OBJC_ARC = YES;
				CLANG_ENABLE_OBJC_WEAK = YES;
				CLANG_WARN_BLOCK_CAPTURE_AUTORELEASING = YES;
				CLANG_WARN_BOOL_CONVERSION = YES;
				CLANG_WARN_COMMA = YES;
				CLANG_WARN_CONSTANT_CONVERSION = YES;
				CLANG_WARN_DEPRECATED_OBJC_IMPLEMENTATIONS = YES;
				CLANG_WARN_DIRECT_OBJC_ISA_USAGE = YES_ERROR;
				CLANG_WARN_DOCUMENTATION_COMMENTS = YES;
				CLANG_WARN_EMPTY_BODY = YES;
				CLANG_WARN_ENUM_CONVERSION = YES;
				CLANG_WARN_INFINITE_RECURSION = YES;
				CLANG_WARN_INT_CONVERSION = YES;
				CLANG_WARN_NON_LITERAL_NULL_CONVERSION = YES;
				CLANG_WARN_OBJC_IMPLICIT_RETAIN_SELF = YES;
				CLANG_WARN_OBJC_LITERAL_CONVERSION = YES;
				CLANG_WARN_OBJC_ROOT_CLASS = YES_ERROR;
				CLANG_WARN_QUOTED_INCLUDE_IN_FRAMEWORK_HEADER = YES;
				CLANG_WARN_RANGE_LOOP_ANALYSIS = YES;
				CLANG_WARN_STRICT_PROTOTYPES = YES;
				CLANG_WARN_SUSPICIOUS_MOVE = YES;
				CLANG_WARN_UNGUARDED_AVAILABILITY = YES_AGGRESSIVE;
				CLANG_WARN_UNREACHABLE_CODE = YES;
				CLANG_WARN__DUPLICATE_METHOD_MATCH = YES;
				COPY_PHASE_STRIP = NO;
				DEBUG_INFORMATION_FORMAT = dwarf;
				ENABLE_STRICT_OBJC_MSGSEND = YES;
				ENABLE_TESTABILITY = YES;
				GCC_C_LANGUAGE_STANDARD = gnu11;
				GCC_DYNAMIC_NO_PIC = NO;
				GCC_NO_COMMON_BLOCKS = YES;
				GCC_OPTIMIZATION_LEVEL = 0;
				GCC_PREPROCESSOR_DEFINITIONS = (
					"DEBUG=1",
					"$(inherited)",
				);
				GCC_WARN_64_TO_32_BIT_CONVERSION = YES;
				GCC_WARN_ABOUT_RETURN_TYPE = YES_ERROR;
				GCC_WARN_UNDECLARED_SELECTOR = YES;
				GCC_WARN_UNINITIALIZED_AUTOS = YES_AGGRESSIVE;
				GCC_WARN_UNUSED_FUNCTION = YES;
				GCC_WARN_UNUSED_VARIABLE = YES;
				IPHONEOS_DEPLOYMENT_TARGET = 15.5;
				MTL_ENABLE_DEBUG_INFO = INCLUDE_SOURCE;
				MTL_FAST_MATH = YES;
				ONLY_ACTIVE_ARCH = YES;
				SDKROOT = iphoneos;
				SWIFT_ACTIVE_COMPILATION_CONDITIONS = DEBUG;
				SWIFT_OPTIMIZATION_LEVEL = "-Onone";
			};
			name = Debug;
		};
		61AB022428E77C9C00FD8545 /* Release */ = {
			isa = XCBuildConfiguration;
			buildSettings = {
				ALWAYS_SEARCH_USER_PATHS = NO;
				CLANG_ANALYZER_NONNULL = YES;
				CLANG_ANALYZER_NUMBER_OBJECT_CONVERSION = YES_AGGRESSIVE;
				CLANG_CXX_LANGUAGE_STANDARD = "gnu++17";
				CLANG_ENABLE_MODULES = YES;
				CLANG_ENABLE_OBJC_ARC = YES;
				CLANG_ENABLE_OBJC_WEAK = YES;
				CLANG_WARN_BLOCK_CAPTURE_AUTORELEASING = YES;
				CLANG_WARN_BOOL_CONVERSION = YES;
				CLANG_WARN_COMMA = YES;
				CLANG_WARN_CONSTANT_CONVERSION = YES;
				CLANG_WARN_DEPRECATED_OBJC_IMPLEMENTATIONS = YES;
				CLANG_WARN_DIRECT_OBJC_ISA_USAGE = YES_ERROR;
				CLANG_WARN_DOCUMENTATION_COMMENTS = YES;
				CLANG_WARN_EMPTY_BODY = YES;
				CLANG_WARN_ENUM_CONVERSION = YES;
				CLANG_WARN_INFINITE_RECURSION = YES;
				CLANG_WARN_INT_CONVERSION = YES;
				CLANG_WARN_NON_LITERAL_NULL_CONVERSION = YES;
				CLANG_WARN_OBJC_IMPLICIT_RETAIN_SELF = YES;
				CLANG_WARN_OBJC_LITERAL_CONVERSION = YES;
				CLANG_WARN_OBJC_ROOT_CLASS = YES_ERROR;
				CLANG_WARN_QUOTED_INCLUDE_IN_FRAMEWORK_HEADER = YES;
				CLANG_WARN_RANGE_LOOP_ANALYSIS = YES;
				CLANG_WARN_STRICT_PROTOTYPES = YES;
				CLANG_WARN_SUSPICIOUS_MOVE = YES;
				CLANG_WARN_UNGUARDED_AVAILABILITY = YES_AGGRESSIVE;
				CLANG_WARN_UNREACHABLE_CODE = YES;
				CLANG_WARN__DUPLICATE_METHOD_MATCH = YES;
				COPY_PHASE_STRIP = NO;
				DEBUG_INFORMATION_FORMAT = "dwarf-with-dsym";
				ENABLE_NS_ASSERTIONS = NO;
				ENABLE_STRICT_OBJC_MSGSEND = YES;
				GCC_C_LANGUAGE_STANDARD = gnu11;
				GCC_NO_COMMON_BLOCKS = YES;
				GCC_WARN_64_TO_32_BIT_CONVERSION = YES;
				GCC_WARN_ABOUT_RETURN_TYPE = YES_ERROR;
				GCC_WARN_UNDECLARED_SELECTOR = YES;
				GCC_WARN_UNINITIALIZED_AUTOS = YES_AGGRESSIVE;
				GCC_WARN_UNUSED_FUNCTION = YES;
				GCC_WARN_UNUSED_VARIABLE = YES;
				IPHONEOS_DEPLOYMENT_TARGET = 15.5;
				MTL_ENABLE_DEBUG_INFO = NO;
				MTL_FAST_MATH = YES;
				SDKROOT = iphoneos;
				SWIFT_COMPILATION_MODE = wholemodule;
				SWIFT_OPTIMIZATION_LEVEL = "-O";
				VALIDATE_PRODUCT = YES;
			};
			name = Release;
		};
		61AB022628E77C9C00FD8545 /* Debug */ = {
			isa = XCBuildConfiguration;
			baseConfigurationReference = C83A932E99FB2A22F81A05DC /* Pods-RickAndMorty.debug.xcconfig */;
			buildSettings = {
				ASSETCATALOG_COMPILER_APPICON_NAME = AppIcon;
				ASSETCATALOG_COMPILER_GLOBAL_ACCENT_COLOR_NAME = AccentColor;
				CODE_SIGN_STYLE = Automatic;
				CURRENT_PROJECT_VERSION = 1;
				DEVELOPMENT_TEAM = 45Y77HXG9H;
				GENERATE_INFOPLIST_FILE = YES;
				INFOPLIST_FILE = RickAndMorty/Info.plist;
				INFOPLIST_KEY_UIApplicationSupportsIndirectInputEvents = YES;
				INFOPLIST_KEY_UILaunchStoryboardName = LaunchScreen;
				INFOPLIST_KEY_UISupportedInterfaceOrientations_iPad = "UIInterfaceOrientationPortrait UIInterfaceOrientationPortraitUpsideDown UIInterfaceOrientationLandscapeLeft UIInterfaceOrientationLandscapeRight";
				INFOPLIST_KEY_UISupportedInterfaceOrientations_iPhone = "UIInterfaceOrientationPortrait UIInterfaceOrientationLandscapeLeft UIInterfaceOrientationLandscapeRight";
				LD_RUNPATH_SEARCH_PATHS = (
					"$(inherited)",
					"@executable_path/Frameworks",
				);
				MARKETING_VERSION = 1.0;
				PRODUCT_BUNDLE_IDENTIFIER = com.RickAndMorty;
				PRODUCT_NAME = "$(TARGET_NAME)";
				SWIFT_EMIT_LOC_STRINGS = YES;
				SWIFT_VERSION = 5.0;
				TARGETED_DEVICE_FAMILY = 1;
			};
			name = Debug;
		};
		61AB022728E77C9C00FD8545 /* Release */ = {
			isa = XCBuildConfiguration;
			baseConfigurationReference = 3CA8F561CC05F94A40B1A51B /* Pods-RickAndMorty.release.xcconfig */;
			buildSettings = {
				ASSETCATALOG_COMPILER_APPICON_NAME = AppIcon;
				ASSETCATALOG_COMPILER_GLOBAL_ACCENT_COLOR_NAME = AccentColor;
				CODE_SIGN_STYLE = Automatic;
				CURRENT_PROJECT_VERSION = 1;
				DEVELOPMENT_TEAM = 45Y77HXG9H;
				GENERATE_INFOPLIST_FILE = YES;
				INFOPLIST_FILE = RickAndMorty/Info.plist;
				INFOPLIST_KEY_UIApplicationSupportsIndirectInputEvents = YES;
				INFOPLIST_KEY_UILaunchStoryboardName = LaunchScreen;
				INFOPLIST_KEY_UISupportedInterfaceOrientations_iPad = "UIInterfaceOrientationPortrait UIInterfaceOrientationPortraitUpsideDown UIInterfaceOrientationLandscapeLeft UIInterfaceOrientationLandscapeRight";
				INFOPLIST_KEY_UISupportedInterfaceOrientations_iPhone = "UIInterfaceOrientationPortrait UIInterfaceOrientationLandscapeLeft UIInterfaceOrientationLandscapeRight";
				LD_RUNPATH_SEARCH_PATHS = (
					"$(inherited)",
					"@executable_path/Frameworks",
				);
				MARKETING_VERSION = 1.0;
				PRODUCT_BUNDLE_IDENTIFIER = com.RickAndMorty;
				PRODUCT_NAME = "$(TARGET_NAME)";
				SWIFT_EMIT_LOC_STRINGS = YES;
				SWIFT_VERSION = 5.0;
				TARGETED_DEVICE_FAMILY = 1;
			};
			name = Release;
		};
/* End XCBuildConfiguration section */

/* Begin XCConfigurationList section */
		61AB020C28E77C9800FD8545 /* Build configuration list for PBXProject "RickAndMorty" */ = {
			isa = XCConfigurationList;
			buildConfigurations = (
				61AB022328E77C9C00FD8545 /* Debug */,
				61AB022428E77C9C00FD8545 /* Release */,
			);
			defaultConfigurationIsVisible = 0;
			defaultConfigurationName = Release;
		};
		61AB022528E77C9C00FD8545 /* Build configuration list for PBXNativeTarget "RickAndMorty" */ = {
			isa = XCConfigurationList;
			buildConfigurations = (
				61AB022628E77C9C00FD8545 /* Debug */,
				61AB022728E77C9C00FD8545 /* Release */,
			);
			defaultConfigurationIsVisible = 0;
			defaultConfigurationName = Release;
		};
/* End XCConfigurationList section */
	};
	rootObject = 61AB020928E77C9800FD8545 /* Project object */;
}
